
Microsoft Visual Studio Solution File, Format Version 12.00
# Visual Studio Version 17
VisualStudioVersion = 17.3.32611.2
MinimumVisualStudioVersion = 10.0.40219.1
Project("{FAE04EC0-301F-11D3-BF4B-00C04F79EFBC}") = "HandySharp", "HandySharp\HandySharp.csproj", "{DAD054D4-6E26-410B-B159-89C88AD68809}"
EndProject
Global
	GlobalSection(SolutionConfigurationPlatforms) = preSolution
		Debug|Any CPU = Debug|Any CPU
		Release|Any CPU = Release|Any CPU
	EndGlobalSection
	GlobalSection(ProjectConfigurationPlatforms) = postSolution
		{DAD054D4-6E26-410B-B159-89C88AD68809}.Debug|Any CPU.ActiveCfg = Debug|Any CPU
		{DAD054D4-6E26-410B-B159-89C88AD68809}.Debug|Any CPU.Build.0 = Debug|Any CPU
		{DAD054D4-6E26-410B-B159-89C88AD68809}.Release|Any CPU.ActiveCfg = Release|Any CPU
		{DAD054D4-6E26-410B-B159-89C88AD68809}.Release|Any CPU.Build.0 = Release|Any CPU
	EndGlobalSection
	GlobalSection(SolutionProperties) = preSolution
		HideSolutionNode = FALSE
	EndGlobalSection
	GlobalSection(ExtensibilityGlobals) = postSolution
		SolutionGuid = {850F7741-3031-4402-8BEB-0177EEFA313E}
	EndGlobalSection
EndGlobal
